{
  "name": "gravit-ai-toolkit",
  "version": "1.0.0",
  "lockfileVersion": 3,
  "requires": true,
  "packages": {
    "": {
      "name": "gravit-ai-toolkit",
      "version": "1.0.0",
      "license": "MIT",
      "devDependencies": {
        "@anthropic-ai/claude-code": "2.1.239",
        "giget": "3.3.1"
      }
    },
    "node_modules/@anthropic-ai/claude-code": {
      "version": "2.1.239",
      "resolved": "https://registry.npmjs.org/@anthropic-ai/claude-code/-/claude-code-2.1.239.tgz",
      "integrity": "sha512-mTVnJs4BQZGHGTPkgkybjsf6wPyow67ATjNOO5hEo6eaBATqn/zg4iC6/+IewLLbXYjeri+ZZNYxMZP78YW8KA==",
      "dev": true,
      "hasInstallScript": true,
      "license": "SEE LICENSE IN README.md",
      "bin": {
        "claude": "bin/claude.exe"
      },
      "engines": {
        "node": ">=22.0.0"
      },
      "optionalDependencies": {
        "@anthropic-ai/claude-code-darwin-arm64": "2.1.239",
        "@anthropic-ai/claude-code-darwin-x64": "2.1.239",
        "@anthropic-ai/claude-code-linux-arm64": "2.1.239",
        "@anthropic-ai/claude-code-linux-arm64-musl": "2.1.239",
        "@anthropic-ai/claude-code-linux-x64": "2.1.239",
        "@anthropic-ai/claude-code-linux-x64-musl": "2.1.239",
        "@anthropic-ai/claude-code-win32-arm64": "2.1.239",
        "@anthropic-ai/claude-code-win32-x64": "2.1.239"
      }
    },
    "node_modules/@anthropic-ai/claude-code-darwin-arm64": {
      "version": "2.1.239",
      "resolved": "https://registry.npmjs.org/@anthropic-ai/claude-code-darwin-arm64/-/claude-code-darwin-arm64-2.1.239.tgz",
      "integrity": "sha512-sQZA6mdzbp9nsTXYIxWmuMZOzLb/XpcOY1h6krUt8AgHdgsX8wZPOntGWatpTn/tevIshv1NhYpL8WJTJdwZ1w==",
      "cpu": [
        "arm64"
      ],
      "dev": true,
      "license": "SEE LICENSE IN LICENSE.md",
      "optional": true,
      "os": [
        "darwin"
      ]
    },
    "node_modules/@anthropic-ai/claude-code-darwin-x64": {
      "version": "2.1.239",
      "resolved": "https://registry.npmjs.org/@anthropic-ai/claude-code-darwin-x64/-/claude-code-darwin-x64-2.1.239.tgz",
      "integrity": "sha512-tEfux91ZNsmHjM0N+4NnZXjKAeMV58uTJa8iES0gjCIWToAlBZgPQDNMW1AfQSWQNC83hmUqfsIm9bSiX1Em+Q==",
      "cpu": [
        "x64"
      ],
      "dev": true,
      "license": "SEE LICENSE IN LICENSE.md",
      "optional": true,
      "os": [
        "darwin"
      ]
    },
    "node_modules/@anthropic-ai/claude-code-linux-arm64": {
      "version": "2.1.239",
      "resolved": "https://registry.npmjs.org/@anthropic-ai/claude-code-linux-arm64/-/claude-code-linux-arm64-2.1.239.tgz",
      "integrity": "sha512-ZEssQZvMi0QNGppgW5fl+o83c1eCBjmsqVG/w4tZIp897LycumN2VkQDSVDZRH9gUyOWJFPtQo6ztdxO2G/Ntg==",
      "cpu": [
        "arm64"
      ],
      "dev": true,
      "libc": [
        "glibc"
      ],
      "license": "SEE LICENSE IN LICENSE.md",
      "optional": true,
      "os": [
        "linux"
      ]
    },
    "node_modules/@anthropic-ai/claude-code-linux-arm64-musl": {
      "version": "2.1.239",
      "resolved": "https://registry.npmjs.org/@anthropic-ai/claude-code-linux-arm64-musl/-/claude-code-linux-arm64-musl-2.1.239.tgz",
      "integrity": "sha512-HLEi8khA+oEcJOJ/KPfFzBvC3B/C6k8pDxMwzxBMBdVdIObcKdYx75zp38XJah10pSQrDeEHXAgtmo2RQi/bmQ==",
      "cpu": [
        "arm64"
      ],
      "dev": true,
      "libc": [
        "musl"
      ],
      "license": "SEE LICENSE IN LICENSE.md",
      "optional": true,
      "os": [
        "linux"
      ]
    },
    "node_modules/@anthropic-ai/claude-code-linux-x64": {
      "version": "2.1.239",
      "resolved": "https://registry.npmjs.org/@anthropic-ai/claude-code-linux-x64/-/claude-code-linux-x64-2.1.239.tgz",
      "integrity": "sha512-glj5zramK4ebmNa0EVx1iAtBfWHKnZ1q0Ti+1veMR4GHR9ttSranQoMIsLIuJUdRX/hErJnArjwe9hanuxE+dg==",
      "cpu": [
        "x64"
      ],
      "dev": true,
      "libc": [
        "glibc"
      ],
      "license": "SEE LICENSE IN LICENSE.md",
      "optional": true,
      "os": [
        "linux"
      ]
    },
    "node_modules/@anthropic-ai/claude-code-linux-x64-musl": {
      "version": "2.1.239",
      "resolved": "https://registry.npmjs.org/@anthropic-ai/claude-code-linux-x64-musl/-/claude-code-linux-x64-musl-2.1.239.tgz",
      "integrity": "sha512-aswAyP0Tg4EgTSJkjQh8czwyD7Q3IIBGflr++cw4hcbae8aleL6AnFciMCzBOQGCst/j5iYLHNyFw1jyYEawRA==",
      "cpu": [
        "x64"
      ],
      "dev": true,
      "libc": [
        "musl"
      ],
      "license": "SEE LICENSE IN LICENSE.md",
      "optional": true,
      "os": [
        "linux"
      ]
    },
    "node_modules/@anthropic-ai/claude-code-win32-arm64": {
      "version": "2.1.239",
      "resolved": "https://registry.npmjs.org/@anthropic-ai/claude-code-win32-arm64/-/claude-code-win32-arm64-2.1.239.tgz",
      "integrity": "sha512-z0uPZ2V5KCjZ2+b9GXSUHNoYPUbqjOpv+2FSk50uQw+P9GMRpui9JIbSAFKgqTem2ziyB4EL2pW3rTNWUCOv3Q==",
      "cpu": [
        "arm64"
      ],
      "dev": true,
      "license": "SEE LICENSE IN LICENSE.md",
      "optional": true,
      "os": [
        "win32"
      ]
    },
    "node_modules/@anthropic-ai/claude-code-win32-x64": {
      "version": "2.1.239",
      "resolved": "https://registry.npmjs.org/@anthropic-ai/claude-code-win32-x64/-/claude-code-win32-x64-2.1.239.tgz",
      "integrity": "sha512-Kh0ZWJvX9HGvlgBgil0nPYgRMRRCp5Hv0zFeMhfPlN/RfEsbBra9XEBO1ci7xClAfkq5BRDUETxKmS6uUks6og==",
      "cpu": [
        "x64"
      ],
      "dev": true,
      "license": "SEE LICENSE IN LICENSE.md",
      "optional": true,
      "os": [
        "win32"
      ]
    },
    "node_modules/giget": {
      "version": "3.3.1",
      "resolved": "https://registry.npmjs.org/giget/-/giget-3.3.1.tgz",
      "integrity": "sha512-r+mvuDjrjMpsdw46Kmeydb8bdHm7wOKw8wNBtTndkjbPjgAp5oUJUxRE76wZFknxIPokfWvep2qSXK37aXE6zg==",
      "dev": true,
      "license": "MIT",
      "bin": {
        "giget": "dist/cli.mjs"
      }
    }
  }
}
